
Microsoft Visual Studio Solution File, Format Version 12.00
# Visual Studio Version 17
VisualStudioVersion = 17.4.33110.190
MinimumVisualStudioVersion = 10.0.40219.1
Project("{9A19103F-16F7-4668-BE54-9A1E7A4F7556}") = "Test", "Test\Test.csproj", "{5400EA1D-2C67-4889-A968-23865E1E4565}"
EndProject
Project("{9A19103F-16F7-4668-BE54-9A1E7A4F7556}") = "TemplateProject", "TemplateProject\TemplateProject.csproj", "{3452EAEE-FE24-4FDC-9036-436DBBB6F7A3}"
EndProject
Project("{9A19103F-16F7-4668-BE54-9A1E7A4F7556}") = "Day_01_Historian_Hysteria", "Day_01_Historian_Hysteria\Day_01_Historian_Hysteria.csproj", "{2D46D0B9-287A-4C9F-857F-D9560D3D68AB}"
EndProject
Project("{9A19103F-16F7-4668-BE54-9A1E7A4F7556}") = "Day_03_Mull_It_Over", "Day_03_Mull_It_Over\Day_03_Mull_It_Over.csproj", "{418DFA45-C6FF-457B-8D55-D67FB908745E}"
EndProject
Project("{9A19103F-16F7-4668-BE54-9A1E7A4F7556}") = "Day_02_Red-Nosed_Reports", "Day_02_Red-Nosed_Reports\Day_02_Red-Nosed_Reports.csproj", "{B9109D0A-5C8B-43D8-961A-A3B77E2F8B0C}"
EndProject
Project("{9A19103F-16F7-4668-BE54-9A1E7A4F7556}") = "Day_04_Ceres_Search", "Day_04_Ceres_Search\Day_04_Ceres_Search.csproj", "{45EE89B6-9317-4A39-B67C-0C87CAF60BB7}"
EndProject
Project("{9A19103F-16F7-4668-BE54-9A1E7A4F7556}") = "Day_05_Print_Queue", "Day_05_Print_Queue\Day_05_Print_Queue.csproj", "{8E6A3ECE-D6B8-4441-BF2B-C152648E48C8}"
EndProject
Project("{9A19103F-16F7-4668-BE54-9A1E7A4F7556}") = "Day_06_Guard_Gallivant", "Day_06_Guard_Gallivant\Day_06_Guard_Gallivant.csproj", "{0F14FB0B-5947-4B47-82C4-B2FC9C204B37}"
EndProject
Project("{9A19103F-16F7-4668-BE54-9A1E7A4F7556}") = "Day_07_Bridge_Repair", "Day_07_Bridge_Repair\Day_07_Bridge_Repair.csproj", "{577817BB-6E2E-4803-969C-AB5834E248AF}"
EndProject
Project("{9A19103F-16F7-4668-BE54-9A1E7A4F7556}") = "Day_08_Resonant_Collinearity", "Day_08_Resonant_Collinearity\Day_08_Resonant_Collinearity.csproj", "{8ECA7449-E33D-4303-92F6-5C14EB5BB9EC}"
EndProject
Project("{9A19103F-16F7-4668-BE54-9A1E7A4F7556}") = "Day_09_Disk_Fragmenter", "Day_09_Disk_Fragmenter\Day_09_Disk_Fragmenter.csproj", "{395E90CC-C968-4849-BFE6-0FAFEEDF10D4}"
EndProject
Project("{9A19103F-16F7-4668-BE54-9A1E7A4F7556}") = "Day_10_Hoof_It", "Day_10_Hoof_It\Day_10_Hoof_It.csproj", "{82EF3FE4-15B0-41FD-BDBC-CB0EAEFF82D2}"
EndProject
Project("{9A19103F-16F7-4668-BE54-9A1E7A4F7556}") = "Day_11_Plutonian_Pebbles", "Day_11_Plutonian_Pebbles\Day_11_Plutonian_Pebbles.csproj", "{C9800C98-B55E-4A6B-B272-A75806CAEDC2}"
EndProject
Project("{9A19103F-16F7-4668-BE54-9A1E7A4F7556}") = "Day_12_Garden_Groups", "Day_12_Garden_Groups\Day_12_Garden_Groups.csproj", "{CFED7664-788B-495C-BEDC-9DF93E8AC299}"
EndProject
Project("{9A19103F-16F7-4668-BE54-9A1E7A4F7556}") = "Day_13_Claw_Contraption", "Day_13_Claw_Contraption\Day_13_Claw_Contraption.csproj", "{8FBB3A3C-C302-4018-A3E9-F6F6634A13CA}"
EndProject
Project("{9A19103F-16F7-4668-BE54-9A1E7A4F7556}") = "Day_14_Restroom_Redoubt", "Day_14_Restroom_Redoubt\Day_14_Restroom_Redoubt.csproj", "{0CE0CEFB-2BE1-4961-87FD-481FE35C00C8}"
EndProject
Project("{9A19103F-16F7-4668-BE54-9A1E7A4F7556}") = "Day_15_Warehouse_Woes", "Day_15_Warehouse_Woes\Day_15_Warehouse_Woes.csproj", "{3DBB49A8-1B09-4826-8DC0-093EFC7B4162}"
EndProject
Project("{9A19103F-16F7-4668-BE54-9A1E7A4F7556}") = "Day_16_Reindeer_Maze", "Day_16_Reindeer_Maze\Day_16_Reindeer_Maze.csproj", "{0BC7CB45-3F9F-4A79-B703-B73BE08D8D74}"
EndProject
Project("{9A19103F-16F7-4668-BE54-9A1E7A4F7556}") = "Day_17_Chronospatial_Computer", "Day_17_Chronospatial_Computer\Day_17_Chronospatial_Computer.csproj", "{8BF7E29C-59F8-43AC-BCD7-A974FEC2192B}"
EndProject
Project("{9A19103F-16F7-4668-BE54-9A1E7A4F7556}") = "Day_18_RAM_Run", "Day_18_RAM_Run\Day_18_RAM_Run.csproj", "{A7F3341E-E6D8-43C5-A882-E32AAE2A4324}"
EndProject
Project("{9A19103F-16F7-4668-BE54-9A1E7A4F7556}") = "Day_19_Linen_Layout", "Day_19_Linen_Layout\Day_19_Linen_Layout.csproj", "{88174F16-B58A-429C-A94D-AF60F963A2A6}"
EndProject
Project("{9A19103F-16F7-4668-BE54-9A1E7A4F7556}") = "Day_20_Race_Condition", "Day_20_Race_Condition\Day_20_Race_Condition.csproj", "{10DF4CD6-E6FC-4FFE-AD9B-85BC314159AF}"
EndProject
Project("{2150E333-8FDC-42A3-9474-1A3956D46DE8}") = "Solution Items", "Solution Items", "{66D49388-4B5F-4052-95B1-37C3C2D523DB}"
	ProjectSection(SolutionItems) = preProject
		new_project.py = new_project.py
	EndProjectSection
EndProject
Global
	GlobalSection(SolutionConfigurationPlatforms) = preSolution
		Debug|Any CPU = Debug|Any CPU
		Release|Any CPU = Release|Any CPU
	EndGlobalSection
	GlobalSection(ProjectConfigurationPlatforms) = postSolution
		{5400EA1D-2C67-4889-A968-23865E1E4565}.Debug|Any CPU.ActiveCfg = Debug|Any CPU
		{5400EA1D-2C67-4889-A968-23865E1E4565}.Debug|Any CPU.Build.0 = Debug|Any CPU
		{5400EA1D-2C67-4889-A968-23865E1E4565}.Release|Any CPU.ActiveCfg = Release|Any CPU
		{5400EA1D-2C67-4889-A968-23865E1E4565}.Release|Any CPU.Build.0 = Release|Any CPU
		{3452EAEE-FE24-4FDC-9036-436DBBB6F7A3}.Debug|Any CPU.ActiveCfg = Debug|Any CPU
		{3452EAEE-FE24-4FDC-9036-436DBBB6F7A3}.Debug|Any CPU.Build.0 = Debug|Any CPU
		{3452EAEE-FE24-4FDC-9036-436DBBB6F7A3}.Release|Any CPU.ActiveCfg = Release|Any CPU
		{3452EAEE-FE24-4FDC-9036-436DBBB6F7A3}.Release|Any CPU.Build.0 = Release|Any CPU
		{2D46D0B9-287A-4C9F-857F-D9560D3D68AB}.Debug|Any CPU.ActiveCfg = Debug|Any CPU
		{2D46D0B9-287A-4C9F-857F-D9560D3D68AB}.Debug|Any CPU.Build.0 = Debug|Any CPU
		{2D46D0B9-287A-4C9F-857F-D9560D3D68AB}.Release|Any CPU.ActiveCfg = Release|Any CPU
		{2D46D0B9-287A-4C9F-857F-D9560D3D68AB}.Release|Any CPU.Build.0 = Release|Any CPU
		{418DFA45-C6FF-457B-8D55-D67FB908745E}.Debug|Any CPU.ActiveCfg = Debug|Any CPU
		{418DFA45-C6FF-457B-8D55-D67FB908745E}.Debug|Any CPU.Build.0 = Debug|Any CPU
		{418DFA45-C6FF-457B-8D55-D67FB908745E}.Release|Any CPU.ActiveCfg = Release|Any CPU
		{418DFA45-C6FF-457B-8D55-D67FB908745E}.Release|Any CPU.Build.0 = Release|Any CPU
		{B9109D0A-5C8B-43D8-961A-A3B77E2F8B0C}.Debug|Any CPU.ActiveCfg = Debug|Any CPU
		{B9109D0A-5C8B-43D8-961A-A3B77E2F8B0C}.Debug|Any CPU.Build.0 = Debug|Any CPU
		{B9109D0A-5C8B-43D8-961A-A3B77E2F8B0C}.Release|Any CPU.ActiveCfg = Release|Any CPU
		{B9109D0A-5C8B-43D8-961A-A3B77E2F8B0C}.Release|Any CPU.Build.0 = Release|Any CPU
		{45EE89B6-9317-4A39-B67C-0C87CAF60BB7}.Debug|Any CPU.ActiveCfg = Debug|Any CPU
		{45EE89B6-9317-4A39-B67C-0C87CAF60BB7}.Debug|Any CPU.Build.0 = Debug|Any CPU
		{45EE89B6-9317-4A39-B67C-0C87CAF60BB7}.Release|Any CPU.ActiveCfg = Release|Any CPU
		{45EE89B6-9317-4A39-B67C-0C87CAF60BB7}.Release|Any CPU.Build.0 = Release|Any CPU
		{8E6A3ECE-D6B8-4441-BF2B-C152648E48C8}.Debug|Any CPU.ActiveCfg = Debug|Any CPU
		{8E6A3ECE-D6B8-4441-BF2B-C152648E48C8}.Debug|Any CPU.Build.0 = Debug|Any CPU
		{8E6A3ECE-D6B8-4441-BF2B-C152648E48C8}.Release|Any CPU.ActiveCfg = Release|Any CPU
		{8E6A3ECE-D6B8-4441-BF2B-C152648E48C8}.Release|Any CPU.Build.0 = Release|Any CPU
		{0F14FB0B-5947-4B47-82C4-B2FC9C204B37}.Debug|Any CPU.ActiveCfg = Debug|Any CPU
		{0F14FB0B-5947-4B47-82C4-B2FC9C204B37}.Debug|Any CPU.Build.0 = Debug|Any CPU
		{0F14FB0B-5947-4B47-82C4-B2FC9C204B37}.Release|Any CPU.ActiveCfg = Release|Any CPU
		{0F14FB0B-5947-4B47-82C4-B2FC9C204B37}.Release|Any CPU.Build.0 = Release|Any CPU
		{577817BB-6E2E-4803-969C-AB5834E248AF}.Debug|Any CPU.ActiveCfg = Debug|Any CPU
		{577817BB-6E2E-4803-969C-AB5834E248AF}.Debug|Any CPU.Build.0 = Debug|Any CPU
		{577817BB-6E2E-4803-969C-AB5834E248AF}.Release|Any CPU.ActiveCfg = Release|Any CPU
		{577817BB-6E2E-4803-969C-AB5834E248AF}.Release|Any CPU.Build.0 = Release|Any CPU
		{8ECA7449-E33D-4303-92F6-5C14EB5BB9EC}.Debug|Any CPU.ActiveCfg = Debug|Any CPU
		{8ECA7449-E33D-4303-92F6-5C14EB5BB9EC}.Debug|Any CPU.Build.0 = Debug|Any CPU
		{8ECA7449-E33D-4303-92F6-5C14EB5BB9EC}.Release|Any CPU.ActiveCfg = Release|Any CPU
		{8ECA7449-E33D-4303-92F6-5C14EB5BB9EC}.Release|Any CPU.Build.0 = Release|Any CPU
		{395E90CC-C968-4849-BFE6-0FAFEEDF10D4}.Debug|Any CPU.ActiveCfg = Debug|Any CPU
		{395E90CC-C968-4849-BFE6-0FAFEEDF10D4}.Debug|Any CPU.Build.0 = Debug|Any CPU
		{395E90CC-C968-4849-BFE6-0FAFEEDF10D4}.Release|Any CPU.ActiveCfg = Release|Any CPU
		{395E90CC-C968-4849-BFE6-0FAFEEDF10D4}.Release|Any CPU.Build.0 = Release|Any CPU
		{82EF3FE4-15B0-41FD-BDBC-CB0EAEFF82D2}.Debug|Any CPU.ActiveCfg = Debug|Any CPU
		{82EF3FE4-15B0-41FD-BDBC-CB0EAEFF82D2}.Debug|Any CPU.Build.0 = Debug|Any CPU
		{82EF3FE4-15B0-41FD-BDBC-CB0EAEFF82D2}.Release|Any CPU.ActiveCfg = Release|Any CPU
		{82EF3FE4-15B0-41FD-BDBC-CB0EAEFF82D2}.Release|Any CPU.Build.0 = Release|Any CPU
		{C9800C98-B55E-4A6B-B272-A75806CAEDC2}.Debug|Any CPU.ActiveCfg = Debug|Any CPU
		{C9800C98-B55E-4A6B-B272-A75806CAEDC2}.Debug|Any CPU.Build.0 = Debug|Any CPU
		{C9800C98-B55E-4A6B-B272-A75806CAEDC2}.Release|Any CPU.ActiveCfg = Release|Any CPU
		{C9800C98-B55E-4A6B-B272-A75806CAEDC2}.Release|Any CPU.Build.0 = Release|Any CPU
		{CFED7664-788B-495C-BEDC-9DF93E8AC299}.Debug|Any CPU.ActiveCfg = Debug|Any CPU
		{CFED7664-788B-495C-BEDC-9DF93E8AC299}.Debug|Any CPU.Build.0 = Debug|Any CPU
		{CFED7664-788B-495C-BEDC-9DF93E8AC299}.Release|Any CPU.ActiveCfg = Release|Any CPU
		{CFED7664-788B-495C-BEDC-9DF93E8AC299}.Release|Any CPU.Build.0 = Release|Any CPU
		{8FBB3A3C-C302-4018-A3E9-F6F6634A13CA}.Debug|Any CPU.ActiveCfg = Debug|Any CPU
		{8FBB3A3C-C302-4018-A3E9-F6F6634A13CA}.Debug|Any CPU.Build.0 = Debug|Any CPU
		{8FBB3A3C-C302-4018-A3E9-F6F6634A13CA}.Release|Any CPU.ActiveCfg = Release|Any CPU
		{8FBB3A3C-C302-4018-A3E9-F6F6634A13CA}.Release|Any CPU.Build.0 = Release|Any CPU
		{0CE0CEFB-2BE1-4961-87FD-481FE35C00C8}.Debug|Any CPU.ActiveCfg = Debug|Any CPU
		{0CE0CEFB-2BE1-4961-87FD-481FE35C00C8}.Debug|Any CPU.Build.0 = Debug|Any CPU
		{0CE0CEFB-2BE1-4961-87FD-481FE35C00C8}.Release|Any CPU.ActiveCfg = Release|Any CPU
		{0CE0CEFB-2BE1-4961-87FD-481FE35C00C8}.Release|Any CPU.Build.0 = Release|Any CPU
		{3DBB49A8-1B09-4826-8DC0-093EFC7B4162}.Debug|Any CPU.ActiveCfg = Debug|Any CPU
		{3DBB49A8-1B09-4826-8DC0-093EFC7B4162}.Debug|Any CPU.Build.0 = Debug|Any CPU
		{3DBB49A8-1B09-4826-8DC0-093EFC7B4162}.Release|Any CPU.ActiveCfg = Release|Any CPU
		{3DBB49A8-1B09-4826-8DC0-093EFC7B4162}.Release|Any CPU.Build.0 = Release|Any CPU
		{0BC7CB45-3F9F-4A79-B703-B73BE08D8D74}.Debug|Any CPU.ActiveCfg = Debug|Any CPU
		{0BC7CB45-3F9F-4A79-B703-B73BE08D8D74}.Debug|Any CPU.Build.0 = Debug|Any CPU
		{0BC7CB45-3F9F-4A79-B703-B73BE08D8D74}.Release|Any CPU.ActiveCfg = Release|Any CPU
		{0BC7CB45-3F9F-4A79-B703-B73BE08D8D74}.Release|Any CPU.Build.0 = Release|Any CPU
		{8BF7E29C-59F8-43AC-BCD7-A974FEC2192B}.Debug|Any CPU.ActiveCfg = Debug|Any CPU
		{8BF7E29C-59F8-43AC-BCD7-A974FEC2192B}.Debug|Any CPU.Build.0 = Debug|Any CPU
		{8BF7E29C-59F8-43AC-BCD7-A974FEC2192B}.Release|Any CPU.ActiveCfg = Release|Any CPU
		{8BF7E29C-59F8-43AC-BCD7-A974FEC2192B}.Release|Any CPU.Build.0 = Release|Any CPU
		{A7F3341E-E6D8-43C5-A882-E32AAE2A4324}.Debug|Any CPU.ActiveCfg = Debug|Any CPU
		{A7F3341E-E6D8-43C5-A882-E32AAE2A4324}.Debug|Any CPU.Build.0 = Debug|Any CPU
		{A7F3341E-E6D8-43C5-A882-E32AAE2A4324}.Release|Any CPU.ActiveCfg = Release|Any CPU
		{A7F3341E-E6D8-43C5-A882-E32AAE2A4324}.Release|Any CPU.Build.0 = Release|Any CPU
		{88174F16-B58A-429C-A94D-AF60F963A2A6}.Debug|Any CPU.ActiveCfg = Debug|Any CPU
		{88174F16-B58A-429C-A94D-AF60F963A2A6}.Debug|Any CPU.Build.0 = Debug|Any CPU
		{88174F16-B58A-429C-A94D-AF60F963A2A6}.Release|Any CPU.ActiveCfg = Release|Any CPU
		{88174F16-B58A-429C-A94D-AF60F963A2A6}.Release|Any CPU.Build.0 = Release|Any CPU
	EndGlobalSection
	GlobalSection(SolutionProperties) = preSolution
		HideSolutionNode = FALSE
	EndGlobalSection
	GlobalSection(ExtensibilityGlobals) = postSolution
		SolutionGuid = {A11FE17F-2ED8-496E-BC57-C8F7C98C093B}
	EndGlobalSection
EndGlobal
